
Microsoft Visual Studio Solution File, Format Version 12.00
# Visual Studio Version 17
VisualStudioVersion = 17.7.34009.444
MinimumVisualStudioVersion = 10.0.40219.1
Project("{FAE04EC0-301F-11D3-BF4B-00C04F79EFBC}") = "CRUD.PL", "CRUD.PL\CRUD.PL.csproj", "{9BEC9D04-AE50-4918-A83B-B8AB73C827ED}"
EndProject
Project("{FAE04EC0-301F-11D3-BF4B-00C04F79EFBC}") = "CRUD.BL", "CRUD.BL\CRUD.BL.csproj", "{2407A68C-9EF1-4E18-94E8-A5B655F86A60}"
EndProject
Project("{FAE04EC0-301F-11D3-BF4B-00C04F79EFBC}") = "CRUD.DAL", "CRUD.DAL\CRUD.DAL.csproj", "{66F7A2E0-4230-4640-9D5B-01DE0B62FE37}"
EndProject
Global
	GlobalSection(SolutionConfigurationPlatforms) = preSolution
		Debug|Any CPU = Debug|Any CPU
		Release|Any CPU = Release|Any CPU
	EndGlobalSection
	GlobalSection(ProjectConfigurationPlatforms) = postSolution
		{9BEC9D04-AE50-4918-A83B-B8AB73C827ED}.Debug|Any CPU.ActiveCfg = Debug|Any CPU
		{9BEC9D04-AE50-4918-A83B-B8AB73C827ED}.Debug|Any CPU.Build.0 = Debug|Any CPU
		{9BEC9D04-AE50-4918-A83B-B8AB73C827ED}.Release|Any CPU.ActiveCfg = Release|Any CPU
		{9BEC9D04-AE50-4918-A83B-B8AB73C827ED}.Release|Any CPU.Build.0 = Release|Any CPU
		{2407A68C-9EF1-4E18-94E8-A5B655F86A60}.Debug|Any CPU.ActiveCfg = Debug|Any CPU
		{2407A68C-9EF1-4E18-94E8-A5B655F86A60}.Debug|Any CPU.Build.0 = Debug|Any CPU
		{2407A68C-9EF1-4E18-94E8-A5B655F86A60}.Release|Any CPU.ActiveCfg = Release|Any CPU
		{2407A68C-9EF1-4E18-94E8-A5B655F86A60}.Release|Any CPU.Build.0 = Release|Any CPU
		{66F7A2E0-4230-4640-9D5B-01DE0B62FE37}.Debug|Any CPU.ActiveCfg = Debug|Any CPU
		{66F7A2E0-4230-4640-9D5B-01DE0B62FE37}.Debug|Any CPU.Build.0 = Debug|Any CPU
		{66F7A2E0-4230-4640-9D5B-01DE0B62FE37}.Release|Any CPU.ActiveCfg = Release|Any CPU
		{66F7A2E0-4230-4640-9D5B-01DE0B62FE37}.Release|Any CPU.Build.0 = Release|Any CPU
	EndGlobalSection
	GlobalSection(SolutionProperties) = preSolution
		HideSolutionNode = FALSE
	EndGlobalSection
	GlobalSection(ExtensibilityGlobals) = postSolution
		SolutionGuid = {7E035CE6-F673-4A83-B13E-3880051DE041}
	EndGlobalSection
EndGlobal
